
Microsoft Visual Studio Solution File, Format Version 12.00
# Visual Studio Version 17
VisualStudioVersion = 17.3.32929.385
MinimumVisualStudioVersion = 10.0.40219.1
Project("{FAE04EC0-301F-11D3-BF4B-00C04F79EFBC}") = "word_adventure", "word_adventure.csproj", "{4058B449-9EE0-48A8-A86F-56C6DC4D217C}"
EndProject
Global
	GlobalSection(SolutionConfigurationPlatforms) = preSolution
		Debug|Any CPU = Debug|Any CPU
		Release|Any CPU = Release|Any CPU
	EndGlobalSection
	GlobalSection(ProjectConfigurationPlatforms) = postSolution
		{4058B449-9EE0-48A8-A86F-56C6DC4D217C}.Debug|Any CPU.ActiveCfg = Debug|Any CPU
		{4058B449-9EE0-48A8-A86F-56C6DC4D217C}.Debug|Any CPU.Build.0 = Debug|Any CPU
		{4058B449-9EE0-48A8-A86F-56C6DC4D217C}.Release|Any CPU.ActiveCfg = Release|Any CPU
		{4058B449-9EE0-48A8-A86F-56C6DC4D217C}.Release|Any CPU.Build.0 = Release|Any CPU
	EndGlobalSection
	GlobalSection(SolutionProperties) = preSolution
		HideSolutionNode = FALSE
	EndGlobalSection
	GlobalSection(ExtensibilityGlobals) = postSolution
		SolutionGuid = {DB54F259-AE9B-446F-9B83-FECF52C61DB0}
	EndGlobalSection
EndGlobal
